
Microsoft Visual Studio Solution File, Format Version 12.00
# Visual Studio Version 17
VisualStudioVersion = 17.6.33723.286
MinimumVisualStudioVersion = 10.0.40219.1
Project("{FAE04EC0-301F-11D3-BF4B-00C04F79EFBC}") = "CodePulse.API", "CodePulse.API\CodePulse.API.csproj", "{CCBF30B6-DE14-479F-8D61-656D5801D316}"
EndProject
Global
	GlobalSection(SolutionConfigurationPlatforms) = preSolution
		Debug|Any CPU = Debug|Any CPU
		Release|Any CPU = Release|Any CPU
	EndGlobalSection
	GlobalSection(ProjectConfigurationPlatforms) = postSolution
		{CCBF30B6-DE14-479F-8D61-656D5801D316}.Debug|Any CPU.ActiveCfg = Debug|Any CPU
		{CCBF30B6-DE14-479F-8D61-656D5801D316}.Debug|Any CPU.Build.0 = Debug|Any CPU
		{CCBF30B6-DE14-479F-8D61-656D5801D316}.Release|Any CPU.ActiveCfg = Release|Any CPU
		{CCBF30B6-DE14-479F-8D61-656D5801D316}.Release|Any CPU.Build.0 = Release|Any CPU
	EndGlobalSection
	GlobalSection(SolutionProperties) = preSolution
		HideSolutionNode = FALSE
	EndGlobalSection
	GlobalSection(ExtensibilityGlobals) = postSolution
		SolutionGuid = {ED8C0D53-63EA-48D9-AB4D-D04CB2B8DEB5}
	EndGlobalSection
EndGlobal
